
Microsoft Visual Studio Solution File, Format Version 12.00
# Visual Studio Version 17
VisualStudioVersion = 17.9.34728.123
MinimumVisualStudioVersion = 10.0.40219.1
Project("{FAE04EC0-301F-11D3-BF4B-00C04F79EFBC}") = "App8.Android", "App8.Android\App8.Android.csproj", "{F1E6032C-382C-432C-BC91-A9926FE10603}"
EndProject
Project("{FAE04EC0-301F-11D3-BF4B-00C04F79EFBC}") = "App8", "App8\App8.csproj", "{6E2A7840-DFAA-4DE3-B68F-F8454B10F7F3}"
EndProject
Global
	GlobalSection(SolutionConfigurationPlatforms) = preSolution
		Debug|Any CPU = Debug|Any CPU
		Release|Any CPU = Release|Any CPU
	EndGlobalSection
	GlobalSection(ProjectConfigurationPlatforms) = postSolution
		{F1E6032C-382C-432C-BC91-A9926FE10603}.Debug|Any CPU.ActiveCfg = Debug|Any CPU
		{F1E6032C-382C-432C-BC91-A9926FE10603}.Debug|Any CPU.Build.0 = Debug|Any CPU
		{F1E6032C-382C-432C-BC91-A9926FE10603}.Debug|Any CPU.Deploy.0 = Debug|Any CPU
		{F1E6032C-382C-432C-BC91-A9926FE10603}.Release|Any CPU.ActiveCfg = Release|Any CPU
		{F1E6032C-382C-432C-BC91-A9926FE10603}.Release|Any CPU.Build.0 = Release|Any CPU
		{F1E6032C-382C-432C-BC91-A9926FE10603}.Release|Any CPU.Deploy.0 = Release|Any CPU
		{6E2A7840-DFAA-4DE3-B68F-F8454B10F7F3}.Debug|Any CPU.ActiveCfg = Debug|Any CPU
		{6E2A7840-DFAA-4DE3-B68F-F8454B10F7F3}.Debug|Any CPU.Build.0 = Debug|Any CPU
		{6E2A7840-DFAA-4DE3-B68F-F8454B10F7F3}.Debug|Any CPU.Deploy.0 = Debug|Any CPU
		{6E2A7840-DFAA-4DE3-B68F-F8454B10F7F3}.Release|Any CPU.ActiveCfg = Release|Any CPU
		{6E2A7840-DFAA-4DE3-B68F-F8454B10F7F3}.Release|Any CPU.Build.0 = Release|Any CPU
		{6E2A7840-DFAA-4DE3-B68F-F8454B10F7F3}.Release|Any CPU.Deploy.0 = Release|Any CPU
	EndGlobalSection
	GlobalSection(SolutionProperties) = preSolution
		HideSolutionNode = FALSE
	EndGlobalSection
	GlobalSection(ExtensibilityGlobals) = postSolution
		SolutionGuid = {3CE9ED3B-D077-4F8A-ADAF-1AF4E2E35611}
	EndGlobalSection
EndGlobal
